
Microsoft Visual Studio Solution File, Format Version 12.00
# Visual Studio Version 17
VisualStudioVersion = 17.10.35013.160
MinimumVisualStudioVersion = 10.0.40219.1
Project("{9A19103F-16F7-4668-BE54-9A1E7A4F7556}") = "Root", "Root\Root.csproj", "{0A5234E1-243B-45B7-A672-94C1C9A04B59}"
EndProject
Project("{9A19103F-16F7-4668-BE54-9A1E7A4F7556}") = "BindingShort", "BindingShort\BindingShort.csproj", "{AF57D77C-1E3D-413A-8250-C3E93449FDB4}"
EndProject
Project("{9A19103F-16F7-4668-BE54-9A1E7A4F7556}") = "SwitchingViewsMVVM", "SwitchingViewsMVVM\SwitchingViewsMVVM.csproj", "{899EFC2E-A23B-458D-9C6A-73FC4ED7A005}"
EndProject
Project("{FAE04EC0-301F-11D3-BF4B-00C04F79EFBC}") = "AsyncCommands", "AsyncCommands\AsyncCommands.csproj", "{F90DAF12-C32E-457A-948A-E5944E3990A1}"
EndProject
Project("{FAE04EC0-301F-11D3-BF4B-00C04F79EFBC}") = "ClassCommands", "ClassCommands\ClassCommands.csproj", "{143FD065-1416-40DE-BD63-C554332957CE}"
EndProject
Project("{FAE04EC0-301F-11D3-BF4B-00C04F79EFBC}") = "SimpleViewModels", "SimpleViewModels\SimpleViewModels.csproj", "{2C14C45B-DCAA-492D-9E50-97725183FB27}"
EndProject
Project("{FAE04EC0-301F-11D3-BF4B-00C04F79EFBC}") = "EventCommands", "EventCommands\EventCommands.csproj", "{419B3D15-54C3-46B1-832E-89E4DE26995E}"
EndProject
Project("{FAE04EC0-301F-11D3-BF4B-00C04F79EFBC}") = "LayoutComponents", "LayoutComponents\LayoutComponents.csproj", "{C19F0FDF-7B3C-4403-8C30-56A40AF03313}"
EndProject
Project("{FAE04EC0-301F-11D3-BF4B-00C04F79EFBC}") = "ValidationMVVM", "ValidationMVVM\ValidationMVVM.csproj", "{F58B9262-20A6-49B2-B5BA-4346404F7863}"
EndProject
Global
	GlobalSection(SolutionConfigurationPlatforms) = preSolution
		Debug|Any CPU = Debug|Any CPU
		Release|Any CPU = Release|Any CPU
	EndGlobalSection
	GlobalSection(ProjectConfigurationPlatforms) = postSolution
		{0A5234E1-243B-45B7-A672-94C1C9A04B59}.Debug|Any CPU.ActiveCfg = Debug|Any CPU
		{0A5234E1-243B-45B7-A672-94C1C9A04B59}.Debug|Any CPU.Build.0 = Debug|Any CPU
		{0A5234E1-243B-45B7-A672-94C1C9A04B59}.Release|Any CPU.ActiveCfg = Release|Any CPU
		{0A5234E1-243B-45B7-A672-94C1C9A04B59}.Release|Any CPU.Build.0 = Release|Any CPU
		{AF57D77C-1E3D-413A-8250-C3E93449FDB4}.Debug|Any CPU.ActiveCfg = Debug|Any CPU
		{AF57D77C-1E3D-413A-8250-C3E93449FDB4}.Debug|Any CPU.Build.0 = Debug|Any CPU
		{AF57D77C-1E3D-413A-8250-C3E93449FDB4}.Release|Any CPU.ActiveCfg = Release|Any CPU
		{AF57D77C-1E3D-413A-8250-C3E93449FDB4}.Release|Any CPU.Build.0 = Release|Any CPU
		{899EFC2E-A23B-458D-9C6A-73FC4ED7A005}.Debug|Any CPU.ActiveCfg = Debug|Any CPU
		{899EFC2E-A23B-458D-9C6A-73FC4ED7A005}.Debug|Any CPU.Build.0 = Debug|Any CPU
		{899EFC2E-A23B-458D-9C6A-73FC4ED7A005}.Release|Any CPU.ActiveCfg = Release|Any CPU
		{899EFC2E-A23B-458D-9C6A-73FC4ED7A005}.Release|Any CPU.Build.0 = Release|Any CPU
		{F90DAF12-C32E-457A-948A-E5944E3990A1}.Debug|Any CPU.ActiveCfg = Debug|Any CPU
		{F90DAF12-C32E-457A-948A-E5944E3990A1}.Debug|Any CPU.Build.0 = Debug|Any CPU
		{F90DAF12-C32E-457A-948A-E5944E3990A1}.Release|Any CPU.ActiveCfg = Release|Any CPU
		{F90DAF12-C32E-457A-948A-E5944E3990A1}.Release|Any CPU.Build.0 = Release|Any CPU
		{143FD065-1416-40DE-BD63-C554332957CE}.Debug|Any CPU.ActiveCfg = Debug|Any CPU
		{143FD065-1416-40DE-BD63-C554332957CE}.Debug|Any CPU.Build.0 = Debug|Any CPU
		{143FD065-1416-40DE-BD63-C554332957CE}.Release|Any CPU.ActiveCfg = Release|Any CPU
		{143FD065-1416-40DE-BD63-C554332957CE}.Release|Any CPU.Build.0 = Release|Any CPU
		{2C14C45B-DCAA-492D-9E50-97725183FB27}.Debug|Any CPU.ActiveCfg = Debug|Any CPU
		{2C14C45B-DCAA-492D-9E50-97725183FB27}.Debug|Any CPU.Build.0 = Debug|Any CPU
		{2C14C45B-DCAA-492D-9E50-97725183FB27}.Release|Any CPU.ActiveCfg = Release|Any CPU
		{2C14C45B-DCAA-492D-9E50-97725183FB27}.Release|Any CPU.Build.0 = Release|Any CPU
		{419B3D15-54C3-46B1-832E-89E4DE26995E}.Debug|Any CPU.ActiveCfg = Debug|Any CPU
		{419B3D15-54C3-46B1-832E-89E4DE26995E}.Debug|Any CPU.Build.0 = Debug|Any CPU
		{419B3D15-54C3-46B1-832E-89E4DE26995E}.Release|Any CPU.ActiveCfg = Release|Any CPU
		{419B3D15-54C3-46B1-832E-89E4DE26995E}.Release|Any CPU.Build.0 = Release|Any CPU
		{C19F0FDF-7B3C-4403-8C30-56A40AF03313}.Debug|Any CPU.ActiveCfg = Debug|Any CPU
		{C19F0FDF-7B3C-4403-8C30-56A40AF03313}.Debug|Any CPU.Build.0 = Debug|Any CPU
		{C19F0FDF-7B3C-4403-8C30-56A40AF03313}.Release|Any CPU.ActiveCfg = Release|Any CPU
		{C19F0FDF-7B3C-4403-8C30-56A40AF03313}.Release|Any CPU.Build.0 = Release|Any CPU
		{F58B9262-20A6-49B2-B5BA-4346404F7863}.Debug|Any CPU.ActiveCfg = Debug|Any CPU
		{F58B9262-20A6-49B2-B5BA-4346404F7863}.Debug|Any CPU.Build.0 = Debug|Any CPU
		{F58B9262-20A6-49B2-B5BA-4346404F7863}.Release|Any CPU.ActiveCfg = Release|Any CPU
		{F58B9262-20A6-49B2-B5BA-4346404F7863}.Release|Any CPU.Build.0 = Release|Any CPU
	EndGlobalSection
	GlobalSection(SolutionProperties) = preSolution
		HideSolutionNode = FALSE
	EndGlobalSection
	GlobalSection(ExtensibilityGlobals) = postSolution
		SolutionGuid = {953EAE99-819E-4D70-AD9A-EFF927073C42}
	EndGlobalSection
EndGlobal
