
Microsoft Visual Studio Solution File, Format Version 12.00
# Visual Studio Version 17
VisualStudioVersion = 17.10.35013.160
MinimumVisualStudioVersion = 10.0.40219.1
Project("{9A19103F-16F7-4668-BE54-9A1E7A4F7556}") = "Root", "Root\Root.csproj", "{0A5234E1-243B-45B7-A672-94C1C9A04B59}"
EndProject
Project("{9A19103F-16F7-4668-BE54-9A1E7A4F7556}") = "BindingShort", "BindingShort\BindingShort.csproj", "{AF57D77C-1E3D-413A-8250-C3E93449FDB4}"
EndProject
Project("{9A19103F-16F7-4668-BE54-9A1E7A4F7556}") = "SwitchingViewsMVVM", "SwitchingViewsMVVM\SwitchingViewsMVVM.csproj", "{899EFC2E-A23B-458D-9C6A-73FC4ED7A005}"
EndProject
Project("{9A19103F-16F7-4668-BE54-9A1E7A4F7556}") = "AsyncCommands", "AsyncCommands\AsyncCommands.csproj", "{F90DAF12-C32E-457A-948A-E5944E3990A1}"
EndProject
Project("{9A19103F-16F7-4668-BE54-9A1E7A4F7556}") = "ClassCommands", "ClassCommands\ClassCommands.csproj", "{143FD065-1416-40DE-BD63-C554332957CE}"
EndProject
Project("{9A19103F-16F7-4668-BE54-9A1E7A4F7556}") = "SimpleViewModels", "SimpleViewModels\SimpleViewModels.csproj", "{2C14C45B-DCAA-492D-9E50-97725183FB27}"
EndProject
Project("{9A19103F-16F7-4668-BE54-9A1E7A4F7556}") = "EventCommands", "EventCommands\EventCommands.csproj", "{419B3D15-54C3-46B1-832E-89E4DE26995E}"
EndProject
Project("{9A19103F-16F7-4668-BE54-9A1E7A4F7556}") = "LayoutComponents", "LayoutComponents\LayoutComponents.csproj", "{C19F0FDF-7B3C-4403-8C30-56A40AF03313}"
EndProject
Project("{9A19103F-16F7-4668-BE54-9A1E7A4F7556}") = "ValidationMVVM", "ValidationMVVM\ValidationMVVM.csproj", "{F58B9262-20A6-49B2-B5BA-4346404F7863}"
EndProject
Project("{9A19103F-16F7-4668-BE54-9A1E7A4F7556}") = "NavigationMVVM", "NavigationMVVM\NavigationMVVM.csproj", "{E4AE5A37-9017-483A-AFE9-FB41108E91B3}"
EndProject
Project("{9A19103F-16F7-4668-BE54-9A1E7A4F7556}") = "StateMVVM", "StateMVVM\StateMVVM.csproj", "{8C497A35-545C-49B5-BC68-0A2FF1864C3A}"
EndProject
Project("{9A19103F-16F7-4668-BE54-9A1E7A4F7556}") = "MVVMEssentials", "MVVMEssentials\MVVMEssentials.csproj", "{328C879F-0614-43DF-B818-A56A8999BF9B}"
EndProject
Project("{9A19103F-16F7-4668-BE54-9A1E7A4F7556}") = "CollectionViewFilteringMVVM", "CollectionViewFilteringMVVM\CollectionViewFilteringMVVM.csproj", "{3B25D644-66F9-4980-8AA1-155FE2A25E30}"
EndProject
Project("{9A19103F-16F7-4668-BE54-9A1E7A4F7556}") = "CommunicationMVVM", "CommunicationMVVM\CommunicationMVVM.csproj", "{9E008964-643F-467B-AE7D-B7EBB15ECDE3}"
EndProject
Project("{9A19103F-16F7-4668-BE54-9A1E7A4F7556}") = "ConditionalRendering", "ConditionalRendering\ConditionalRendering.csproj", "{D65BE3AD-2039-486C-936C-97FAD8A896B1}"
EndProject
Project("{9A19103F-16F7-4668-BE54-9A1E7A4F7556}") = "CustomObservableCollections", "CustomObservableCollections\CustomObservableCollections.csproj", "{8209FD61-1986-4233-A401-CBDCF28C53BB}"
EndProject
Project("{9A19103F-16F7-4668-BE54-9A1E7A4F7556}") = "EffectiveValidation", "EffectiveValidation\EffectiveValidation.csproj", "{169704B7-F89E-4362-AD7B-95531F5AC7B1}"
EndProject
Project("{9A19103F-16F7-4668-BE54-9A1E7A4F7556}") = "ItemsControlDemo", "ItemsControlDemo\ItemsControlDemo.csproj", "{422FC9AA-4945-4EB2-A238-ED2C93769FA1}"
EndProject
Project("{9A19103F-16F7-4668-BE54-9A1E7A4F7556}") = "LoggingDemo", "LoggingDemo\LoggingDemo.csproj", "{1CAFC46A-9AD0-4BD0-B937-5E18F58720AF}"
EndProject
Project("{9A19103F-16F7-4668-BE54-9A1E7A4F7556}") = "AnimationDemo", "AnimationDemo\AnimationDemo.csproj", "{EF4CBF30-B43F-40CD-8C61-A9B1877AFF2D}"
EndProject
Project("{9A19103F-16F7-4668-BE54-9A1E7A4F7556}") = "Reservoom", "Reservoom\Reservoom.csproj", "{1924749C-2985-4035-A70E-E5000DFF3AD7}"
EndProject
Project("{9A19103F-16F7-4668-BE54-9A1E7A4F7556}") = "YouTubeViewers.WPF", "YouTubeViewers.WPF\YouTubeViewers.WPF.csproj", "{41CD481B-3479-4856-9A89-CADCC4309256}"
EndProject
Project("{FAE04EC0-301F-11D3-BF4B-00C04F79EFBC}") = "YouTubeViewers.Domain", "YouTubeViewers.Domain\YouTubeViewers.Domain.csproj", "{280AA59D-398A-45A5-B5E0-C8A8FEA75886}"
EndProject
Global
	GlobalSection(SolutionConfigurationPlatforms) = preSolution
		Debug|Any CPU = Debug|Any CPU
		Release|Any CPU = Release|Any CPU
	EndGlobalSection
	GlobalSection(ProjectConfigurationPlatforms) = postSolution
		{0A5234E1-243B-45B7-A672-94C1C9A04B59}.Debug|Any CPU.ActiveCfg = Debug|Any CPU
		{0A5234E1-243B-45B7-A672-94C1C9A04B59}.Release|Any CPU.ActiveCfg = Release|Any CPU
		{0A5234E1-243B-45B7-A672-94C1C9A04B59}.Release|Any CPU.Build.0 = Release|Any CPU
		{AF57D77C-1E3D-413A-8250-C3E93449FDB4}.Debug|Any CPU.ActiveCfg = Debug|Any CPU
		{AF57D77C-1E3D-413A-8250-C3E93449FDB4}.Release|Any CPU.ActiveCfg = Release|Any CPU
		{AF57D77C-1E3D-413A-8250-C3E93449FDB4}.Release|Any CPU.Build.0 = Release|Any CPU
		{899EFC2E-A23B-458D-9C6A-73FC4ED7A005}.Debug|Any CPU.ActiveCfg = Debug|Any CPU
		{899EFC2E-A23B-458D-9C6A-73FC4ED7A005}.Release|Any CPU.ActiveCfg = Release|Any CPU
		{899EFC2E-A23B-458D-9C6A-73FC4ED7A005}.Release|Any CPU.Build.0 = Release|Any CPU
		{F90DAF12-C32E-457A-948A-E5944E3990A1}.Debug|Any CPU.ActiveCfg = Debug|Any CPU
		{F90DAF12-C32E-457A-948A-E5944E3990A1}.Release|Any CPU.ActiveCfg = Release|Any CPU
		{F90DAF12-C32E-457A-948A-E5944E3990A1}.Release|Any CPU.Build.0 = Release|Any CPU
		{143FD065-1416-40DE-BD63-C554332957CE}.Debug|Any CPU.ActiveCfg = Debug|Any CPU
		{143FD065-1416-40DE-BD63-C554332957CE}.Release|Any CPU.ActiveCfg = Release|Any CPU
		{143FD065-1416-40DE-BD63-C554332957CE}.Release|Any CPU.Build.0 = Release|Any CPU
		{2C14C45B-DCAA-492D-9E50-97725183FB27}.Debug|Any CPU.ActiveCfg = Debug|Any CPU
		{2C14C45B-DCAA-492D-9E50-97725183FB27}.Release|Any CPU.ActiveCfg = Release|Any CPU
		{2C14C45B-DCAA-492D-9E50-97725183FB27}.Release|Any CPU.Build.0 = Release|Any CPU
		{419B3D15-54C3-46B1-832E-89E4DE26995E}.Debug|Any CPU.ActiveCfg = Debug|Any CPU
		{419B3D15-54C3-46B1-832E-89E4DE26995E}.Release|Any CPU.ActiveCfg = Release|Any CPU
		{419B3D15-54C3-46B1-832E-89E4DE26995E}.Release|Any CPU.Build.0 = Release|Any CPU
		{C19F0FDF-7B3C-4403-8C30-56A40AF03313}.Debug|Any CPU.ActiveCfg = Debug|Any CPU
		{C19F0FDF-7B3C-4403-8C30-56A40AF03313}.Release|Any CPU.ActiveCfg = Release|Any CPU
		{C19F0FDF-7B3C-4403-8C30-56A40AF03313}.Release|Any CPU.Build.0 = Release|Any CPU
		{F58B9262-20A6-49B2-B5BA-4346404F7863}.Debug|Any CPU.ActiveCfg = Debug|Any CPU
		{F58B9262-20A6-49B2-B5BA-4346404F7863}.Release|Any CPU.ActiveCfg = Release|Any CPU
		{F58B9262-20A6-49B2-B5BA-4346404F7863}.Release|Any CPU.Build.0 = Release|Any CPU
		{E4AE5A37-9017-483A-AFE9-FB41108E91B3}.Debug|Any CPU.ActiveCfg = Debug|Any CPU
		{E4AE5A37-9017-483A-AFE9-FB41108E91B3}.Release|Any CPU.ActiveCfg = Release|Any CPU
		{E4AE5A37-9017-483A-AFE9-FB41108E91B3}.Release|Any CPU.Build.0 = Release|Any CPU
		{8C497A35-545C-49B5-BC68-0A2FF1864C3A}.Debug|Any CPU.ActiveCfg = Debug|Any CPU
		{8C497A35-545C-49B5-BC68-0A2FF1864C3A}.Release|Any CPU.ActiveCfg = Release|Any CPU
		{8C497A35-545C-49B5-BC68-0A2FF1864C3A}.Release|Any CPU.Build.0 = Release|Any CPU
		{328C879F-0614-43DF-B818-A56A8999BF9B}.Debug|Any CPU.ActiveCfg = Debug|Any CPU
		{328C879F-0614-43DF-B818-A56A8999BF9B}.Release|Any CPU.ActiveCfg = Release|Any CPU
		{328C879F-0614-43DF-B818-A56A8999BF9B}.Release|Any CPU.Build.0 = Release|Any CPU
		{3B25D644-66F9-4980-8AA1-155FE2A25E30}.Debug|Any CPU.ActiveCfg = Debug|Any CPU
		{3B25D644-66F9-4980-8AA1-155FE2A25E30}.Release|Any CPU.ActiveCfg = Release|Any CPU
		{3B25D644-66F9-4980-8AA1-155FE2A25E30}.Release|Any CPU.Build.0 = Release|Any CPU
		{9E008964-643F-467B-AE7D-B7EBB15ECDE3}.Debug|Any CPU.ActiveCfg = Debug|Any CPU
		{9E008964-643F-467B-AE7D-B7EBB15ECDE3}.Release|Any CPU.ActiveCfg = Release|Any CPU
		{9E008964-643F-467B-AE7D-B7EBB15ECDE3}.Release|Any CPU.Build.0 = Release|Any CPU
		{D65BE3AD-2039-486C-936C-97FAD8A896B1}.Debug|Any CPU.ActiveCfg = Debug|Any CPU
		{D65BE3AD-2039-486C-936C-97FAD8A896B1}.Release|Any CPU.ActiveCfg = Release|Any CPU
		{D65BE3AD-2039-486C-936C-97FAD8A896B1}.Release|Any CPU.Build.0 = Release|Any CPU
		{8209FD61-1986-4233-A401-CBDCF28C53BB}.Debug|Any CPU.ActiveCfg = Debug|Any CPU
		{8209FD61-1986-4233-A401-CBDCF28C53BB}.Release|Any CPU.ActiveCfg = Release|Any CPU
		{8209FD61-1986-4233-A401-CBDCF28C53BB}.Release|Any CPU.Build.0 = Release|Any CPU
		{169704B7-F89E-4362-AD7B-95531F5AC7B1}.Debug|Any CPU.ActiveCfg = Debug|Any CPU
		{169704B7-F89E-4362-AD7B-95531F5AC7B1}.Release|Any CPU.ActiveCfg = Release|Any CPU
		{169704B7-F89E-4362-AD7B-95531F5AC7B1}.Release|Any CPU.Build.0 = Release|Any CPU
		{422FC9AA-4945-4EB2-A238-ED2C93769FA1}.Debug|Any CPU.ActiveCfg = Debug|Any CPU
		{422FC9AA-4945-4EB2-A238-ED2C93769FA1}.Release|Any CPU.ActiveCfg = Release|Any CPU
		{422FC9AA-4945-4EB2-A238-ED2C93769FA1}.Release|Any CPU.Build.0 = Release|Any CPU
		{1CAFC46A-9AD0-4BD0-B937-5E18F58720AF}.Debug|Any CPU.ActiveCfg = Debug|Any CPU
		{1CAFC46A-9AD0-4BD0-B937-5E18F58720AF}.Release|Any CPU.ActiveCfg = Release|Any CPU
		{1CAFC46A-9AD0-4BD0-B937-5E18F58720AF}.Release|Any CPU.Build.0 = Release|Any CPU
		{EF4CBF30-B43F-40CD-8C61-A9B1877AFF2D}.Debug|Any CPU.ActiveCfg = Debug|Any CPU
		{EF4CBF30-B43F-40CD-8C61-A9B1877AFF2D}.Release|Any CPU.ActiveCfg = Release|Any CPU
		{EF4CBF30-B43F-40CD-8C61-A9B1877AFF2D}.Release|Any CPU.Build.0 = Release|Any CPU
		{1924749C-2985-4035-A70E-E5000DFF3AD7}.Debug|Any CPU.ActiveCfg = Debug|Any CPU
		{1924749C-2985-4035-A70E-E5000DFF3AD7}.Release|Any CPU.ActiveCfg = Release|Any CPU
		{1924749C-2985-4035-A70E-E5000DFF3AD7}.Release|Any CPU.Build.0 = Release|Any CPU
		{41CD481B-3479-4856-9A89-CADCC4309256}.Debug|Any CPU.ActiveCfg = Debug|Any CPU
		{41CD481B-3479-4856-9A89-CADCC4309256}.Debug|Any CPU.Build.0 = Debug|Any CPU
		{41CD481B-3479-4856-9A89-CADCC4309256}.Release|Any CPU.ActiveCfg = Release|Any CPU
		{41CD481B-3479-4856-9A89-CADCC4309256}.Release|Any CPU.Build.0 = Release|Any CPU
		{280AA59D-398A-45A5-B5E0-C8A8FEA75886}.Debug|Any CPU.ActiveCfg = Debug|Any CPU
		{280AA59D-398A-45A5-B5E0-C8A8FEA75886}.Debug|Any CPU.Build.0 = Debug|Any CPU
		{280AA59D-398A-45A5-B5E0-C8A8FEA75886}.Release|Any CPU.ActiveCfg = Release|Any CPU
		{280AA59D-398A-45A5-B5E0-C8A8FEA75886}.Release|Any CPU.Build.0 = Release|Any CPU
	EndGlobalSection
	GlobalSection(SolutionProperties) = preSolution
		HideSolutionNode = FALSE
	EndGlobalSection
	GlobalSection(ExtensibilityGlobals) = postSolution
		SolutionGuid = {953EAE99-819E-4D70-AD9A-EFF927073C42}
	EndGlobalSection
EndGlobal
