
Microsoft Visual Studio Solution File, Format Version 12.00
# Visual Studio Version 17
VisualStudioVersion = 17.12.35527.113
MinimumVisualStudioVersion = 10.0.40219.1
Project("{FAE04EC0-301F-11D3-BF4B-00C04F79EFBC}") = "WpfVisualCustomization.Templating.wpf_80", "WpfVisualCustomization.Templating\WpfVisualCustomization.Templating.wpf_80.csproj", "{C342B8D9-CA7A-400B-B362-9DCC91289788}"
EndProject
Project("{FAE04EC0-301F-11D3-BF4B-00C04F79EFBC}") = "WpfVisualCustomization.Templating.CustomControlLib.wpf_80", "WpfVisualCustomization.Templating.CustomControlLib\WpfVisualCustomization.Templating.CustomControlLib.wpf_80.csproj", "{E39197E9-823C-4C8A-8BC2-9B23320B9A73}"
EndProject
Global
	GlobalSection(SolutionConfigurationPlatforms) = preSolution
		Debug|Any CPU = Debug|Any CPU
		Release|Any CPU = Release|Any CPU
	EndGlobalSection
	GlobalSection(ProjectConfigurationPlatforms) = postSolution
		{C342B8D9-CA7A-400B-B362-9DCC91289788}.Debug|Any CPU.ActiveCfg = Debug|Any CPU
		{C342B8D9-CA7A-400B-B362-9DCC91289788}.Debug|Any CPU.Build.0 = Debug|Any CPU
		{C342B8D9-CA7A-400B-B362-9DCC91289788}.Release|Any CPU.ActiveCfg = Release|Any CPU
		{C342B8D9-CA7A-400B-B362-9DCC91289788}.Release|Any CPU.Build.0 = Release|Any CPU
		{E39197E9-823C-4C8A-8BC2-9B23320B9A73}.Debug|Any CPU.ActiveCfg = Debug|Any CPU
		{E39197E9-823C-4C8A-8BC2-9B23320B9A73}.Debug|Any CPU.Build.0 = Debug|Any CPU
		{E39197E9-823C-4C8A-8BC2-9B23320B9A73}.Release|Any CPU.ActiveCfg = Release|Any CPU
		{E39197E9-823C-4C8A-8BC2-9B23320B9A73}.Release|Any CPU.Build.0 = Release|Any CPU
	EndGlobalSection
	GlobalSection(SolutionProperties) = preSolution
		HideSolutionNode = FALSE
	EndGlobalSection
EndGlobal
