
Microsoft Visual Studio Solution File, Format Version 12.00
# Visual Studio Version 17
VisualStudioVersion = 17.10.35013.160
MinimumVisualStudioVersion = 10.0.40219.1
Project("{9A19103F-16F7-4668-BE54-9A1E7A4F7556}") = "Root", "Root\Root.csproj", "{1AFB6A67-C764-442A-805A-84407088BCF8}"
EndProject
Project("{9A19103F-16F7-4668-BE54-9A1E7A4F7556}") = "syncfusion.demoscommon.wpf", "syncfusion.demoscommon.wpf\syncfusion.demoscommon.wpf.csproj", "{EFA7CFE4-7007-4990-8A0F-DD5412DDD0D3}"
EndProject
Project("{FAE04EC0-301F-11D3-BF4B-00C04F79EFBC}") = "syncfusion.datagriddemos.wpf", "syncfusion.datagriddemos.wpf\syncfusion.datagriddemos.wpf.csproj", "{8ED5EAFF-B7D8-4320-B454-ADEB5033783F}"
EndProject
Global
	GlobalSection(SolutionConfigurationPlatforms) = preSolution
		Debug|Any CPU = Debug|Any CPU
		Release|Any CPU = Release|Any CPU
	EndGlobalSection
	GlobalSection(ProjectConfigurationPlatforms) = postSolution
		{1AFB6A67-C764-442A-805A-84407088BCF8}.Debug|Any CPU.ActiveCfg = Debug|Any CPU
		{1AFB6A67-C764-442A-805A-84407088BCF8}.Debug|Any CPU.Build.0 = Debug|Any CPU
		{1AFB6A67-C764-442A-805A-84407088BCF8}.Release|Any CPU.ActiveCfg = Release|Any CPU
		{1AFB6A67-C764-442A-805A-84407088BCF8}.Release|Any CPU.Build.0 = Release|Any CPU
		{EFA7CFE4-7007-4990-8A0F-DD5412DDD0D3}.Debug|Any CPU.ActiveCfg = Debug|Any CPU
		{EFA7CFE4-7007-4990-8A0F-DD5412DDD0D3}.Debug|Any CPU.Build.0 = Debug|Any CPU
		{EFA7CFE4-7007-4990-8A0F-DD5412DDD0D3}.Release|Any CPU.ActiveCfg = Release|Any CPU
		{EFA7CFE4-7007-4990-8A0F-DD5412DDD0D3}.Release|Any CPU.Build.0 = Release|Any CPU
		{8ED5EAFF-B7D8-4320-B454-ADEB5033783F}.Debug|Any CPU.ActiveCfg = Debug|Any CPU
		{8ED5EAFF-B7D8-4320-B454-ADEB5033783F}.Debug|Any CPU.Build.0 = Debug|Any CPU
		{8ED5EAFF-B7D8-4320-B454-ADEB5033783F}.Release|Any CPU.ActiveCfg = Release|Any CPU
		{8ED5EAFF-B7D8-4320-B454-ADEB5033783F}.Release|Any CPU.Build.0 = Release|Any CPU
	EndGlobalSection
	GlobalSection(SolutionProperties) = preSolution
		HideSolutionNode = FALSE
	EndGlobalSection
	GlobalSection(ExtensibilityGlobals) = postSolution
		SolutionGuid = {501B6D32-43B6-4D4A-8799-578905BEF33A}
	EndGlobalSection
EndGlobal
